
Microsoft Visual Studio Solution File, Format Version 12.00
# Visual Studio Version 17
VisualStudioVersion = 17.0.32014.148
MinimumVisualStudioVersion = 10.0.40219.1
Project("{9A19103F-16F7-4668-BE54-9A1E7A4F7556}") = "RoomAndResourcesScheduler", "RoomAndResourcesScheduler\RoomAndResourcesScheduler.csproj", "{D619AA6D-6C7F-4A34-97A5-9EDD47D70447}"
EndProject
Project("{2150E333-8FDC-42A3-9474-1A3956D46DE8}") = "Tests", "Tests", "{7B94CAC9-F61A-45C7-955E-576FBA484943}"
EndProject
Project("{9A19103F-16F7-4668-BE54-9A1E7A4F7556}") = "RoomAndResourcesSchedulerApi", "RoomAndResourcesSchedulerApi\RoomAndResourcesSchedulerApi.csproj", "{C112B819-BF3E-4772-8523-247A21BCAE04}"
EndProject
Global
	GlobalSection(SolutionConfigurationPlatforms) = preSolution
		Debug|Any CPU = Debug|Any CPU
		Release|Any CPU = Release|Any CPU
	EndGlobalSection
	GlobalSection(ProjectConfigurationPlatforms) = postSolution
		{D619AA6D-6C7F-4A34-97A5-9EDD47D70447}.Debug|Any CPU.ActiveCfg = Debug|Any CPU
		{D619AA6D-6C7F-4A34-97A5-9EDD47D70447}.Debug|Any CPU.Build.0 = Debug|Any CPU
		{D619AA6D-6C7F-4A34-97A5-9EDD47D70447}.Release|Any CPU.ActiveCfg = Release|Any CPU
		{D619AA6D-6C7F-4A34-97A5-9EDD47D70447}.Release|Any CPU.Build.0 = Release|Any CPU
		{C112B819-BF3E-4772-8523-247A21BCAE04}.Debug|Any CPU.ActiveCfg = Debug|Any CPU
		{C112B819-BF3E-4772-8523-247A21BCAE04}.Debug|Any CPU.Build.0 = Debug|Any CPU
		{C112B819-BF3E-4772-8523-247A21BCAE04}.Release|Any CPU.ActiveCfg = Release|Any CPU
		{C112B819-BF3E-4772-8523-247A21BCAE04}.Release|Any CPU.Build.0 = Release|Any CPU
	EndGlobalSection
	GlobalSection(SolutionProperties) = preSolution
		HideSolutionNode = FALSE
	EndGlobalSection
	GlobalSection(ExtensibilityGlobals) = postSolution
		SolutionGuid = {AEAC51F9-0E51-45B2-8BE5-A0BCAEA8CF3C}
	EndGlobalSection
EndGlobal
